
Microsoft Visual Studio Solution File, Format Version 12.00
# Visual Studio Version 17
VisualStudioVersion = 17.7.34031.279
MinimumVisualStudioVersion = 10.0.40219.1
Project("{FAE04EC0-301F-11D3-BF4B-00C04F79EFBC}") = "BaiTap1 - NET", "BaiTap1 - NET\BaiTap1 - NET.csproj", "{684C85B8-83EA-4BF1-BAB3-9E315C85C9BF}"
EndProject
Project("{9A19103F-16F7-4668-BE54-9A1E7A4F7556}") = "BaiTap3 - Net", "BaiTap3 - Net\BaiTap3 - Net.csproj", "{26AA7D6A-AD57-44EC-802A-F6E221264617}"
EndProject
Project("{FAE04EC0-301F-11D3-BF4B-00C04F79EFBC}") = "BaiTap4 - NET", "BaiTap4 - NET\BaiTap4 - NET.csproj", "{80A9A835-0F81-4FFF-8871-DEF408AE1B40}"
EndProject
Global
	GlobalSection(SolutionConfigurationPlatforms) = preSolution
		Debug|Any CPU = Debug|Any CPU
		Release|Any CPU = Release|Any CPU
	EndGlobalSection
	GlobalSection(ProjectConfigurationPlatforms) = postSolution
		{684C85B8-83EA-4BF1-BAB3-9E315C85C9BF}.Debug|Any CPU.ActiveCfg = Debug|Any CPU
		{684C85B8-83EA-4BF1-BAB3-9E315C85C9BF}.Debug|Any CPU.Build.0 = Debug|Any CPU
		{684C85B8-83EA-4BF1-BAB3-9E315C85C9BF}.Release|Any CPU.ActiveCfg = Release|Any CPU
		{684C85B8-83EA-4BF1-BAB3-9E315C85C9BF}.Release|Any CPU.Build.0 = Release|Any CPU
		{26AA7D6A-AD57-44EC-802A-F6E221264617}.Debug|Any CPU.ActiveCfg = Debug|Any CPU
		{26AA7D6A-AD57-44EC-802A-F6E221264617}.Debug|Any CPU.Build.0 = Debug|Any CPU
		{26AA7D6A-AD57-44EC-802A-F6E221264617}.Release|Any CPU.ActiveCfg = Release|Any CPU
		{26AA7D6A-AD57-44EC-802A-F6E221264617}.Release|Any CPU.Build.0 = Release|Any CPU
		{80A9A835-0F81-4FFF-8871-DEF408AE1B40}.Debug|Any CPU.ActiveCfg = Debug|Any CPU
		{80A9A835-0F81-4FFF-8871-DEF408AE1B40}.Debug|Any CPU.Build.0 = Debug|Any CPU
		{80A9A835-0F81-4FFF-8871-DEF408AE1B40}.Release|Any CPU.ActiveCfg = Release|Any CPU
		{80A9A835-0F81-4FFF-8871-DEF408AE1B40}.Release|Any CPU.Build.0 = Release|Any CPU
	EndGlobalSection
	GlobalSection(SolutionProperties) = preSolution
		HideSolutionNode = FALSE
	EndGlobalSection
	GlobalSection(ExtensibilityGlobals) = postSolution
		SolutionGuid = {24678BB4-D284-4F5C-9C53-92CAF52197F8}
	EndGlobalSection
EndGlobal
